{
  "name": "@liangshen/alfred-intellij-idea",
  "version": "1.0.2",
  "lockfileVersion": 1,
  "requires": true,
  "dependencies": {
    "@liangshen/alfred": {
      "version": "1.1.20",
      "resolved": "https://registry.npmjs.org/@liangshen/alfred/-/alfred-1.1.20.tgz",
      "integrity": "sha512-sl+mWwjKwkSrtQdjXQlBTyFhoVK/4zW2rb/Zaw85+l2KsqBhMq/u3cXs3DCulZ9a5RlouLemuyvntCaQi0rVyw=="
    },
    "@liangshen/jetbrains": {
      "version": "1.0.5",
      "resolved": "https://registry.npmjs.org/@liangshen/jetbrains/-/jetbrains-1.0.5.tgz",
      "integrity": "sha512-T9Ouj4rEonn/pnklEitcoSXh/o6Tqo0s/IrUJt+k4eJzszUeco3QYOyxeuoIS+5G7rEX/POYRUhyRtjHrPmlZg==",
      "requires": {
        "xml-js": "^1.6.11"
      }
    },
    "@liangshen/tsconfig": {
      "version": "1.0.3",
      "resolved": "https://registry.npmjs.org/@liangshen/tsconfig/-/tsconfig-1.0.3.tgz",
      "integrity": "sha512-BQ/7t7bGbCoBGL81MqKALzekNKzZ7tzP3fGtCPbqY28dDBY+IxJ3bneFTF7LyQICnPN1J0I42i2F1kZ2Mn0RdA==",
      "dev": true
    },
    "@types/node": {
      "version": "18.0.0",
      "resolved": "https://registry.npmjs.org/@types/node/-/node-18.0.0.tgz",
      "integrity": "sha512-cHlGmko4gWLVI27cGJntjs/Sj8th9aYwplmZFwmmgYQQvL5NUsgVJG7OddLvNfLqYS31KFN0s3qlaD9qCaxACA==",
      "dev": true
    },
    "sax": {
      "version": "1.2.4",
      "resolved": "https://registry.npmjs.org/sax/-/sax-1.2.4.tgz",
      "integrity": "sha512-NqVDv9TpANUjFm0N8uM5GxL36UgKi9/atZw+x7YFnQ8ckwFGKrl4xX4yWtrey3UJm5nP1kUbnYgLopqWNSRhWw=="
    },
    "typescript": {
      "version": "4.7.4",
      "resolved": "https://registry.npmjs.org/typescript/-/typescript-4.7.4.tgz",
      "integrity": "sha512-C0WQT0gezHuw6AdY1M2jxUO83Rjf0HP7Sk1DtXj6j1EwkQNZrHAg2XPWlq62oqEhYvONq5pkC2Y9oPljWToLmQ==",
      "dev": true
    },
    "xml-js": {
      "version": "1.6.11",
      "resolved": "https://registry.npmjs.org/xml-js/-/xml-js-1.6.11.tgz",
      "integrity": "sha512-7rVi2KMfwfWFl+GpPg6m80IVMWXLRjO+PxTq7V2CDhoGak0wzYzFgUY2m4XJ47OGdXd8eLE8EmwfAmdjw7lC1g==",
      "requires": {
        "sax": "^1.2.4"
      }
    }
  }
}
